// !$*UTF8*$!
{
	archiveVersion = 1;
	classes = {
	};
	objectVersion = 46;
	objects = {

/* Begin PBXBuildFile section */
		6C5AA5E01AD9DB4C0016E264 /* AppDelegate.swift in Sources */ = {isa = PBXBuildFile; fileRef = 6C5AA5DF1AD9DB4C0016E264 /* AppDelegate.swift */; };
		6C5AA5E51AD9DB4C0016E264 /* Main.storyboard in Resources */ = {isa = PBXBuildFile; fileRef = 6C5AA5E31AD9DB4C0016E264 /* Main.storyboard */; };
		6C5AA5E71AD9DB4C0016E264 /* Images.xcassets in Resources */ = {isa = PBXBuildFile; fileRef = 6C5AA5E61AD9DB4C0016E264 /* Images.xcassets */; };
		6C5AA5EA1AD9DB4C0016E264 /* LaunchScreen.xib in Resources */ = {isa = PBXBuildFile; fileRef = 6C5AA5E81AD9DB4C0016E264 /* LaunchScreen.xib */; };
		6C5AA5F61AD9DB4C0016E264 /* DollhouseTests.swift in Sources */ = {isa = PBXBuildFile; fileRef = 6C5AA5F51AD9DB4C0016E264 /* DollhouseTests.swift */; };
		6C5AA6051AD9DDE70016E264 /* Bolts.framework in Frameworks */ = {isa = PBXBuildFile; fileRef = 6C5AA5FF1AD9DDE70016E264 /* Bolts.framework */; };
		6C5AA6061AD9DDE70016E264 /* Parse.framework in Frameworks */ = {isa = PBXBuildFile; fileRef = 6C5AA6001AD9DDE70016E264 /* Parse.framework */; };
		6C5AA6071AD9DDE70016E264 /* ParseCrashReporting.framework in Frameworks */ = {isa = PBXBuildFile; fileRef = 6C5AA6011AD9DDE70016E264 /* ParseCrashReporting.framework */; };
		6C5AA6081AD9DDE70016E264 /* ParseFacebookUtils.framework in Frameworks */ = {isa = PBXBuildFile; fileRef = 6C5AA6021AD9DDE70016E264 /* ParseFacebookUtils.framework */; };
		6C5AA6091AD9DDE70016E264 /* ParseFacebookUtilsV4.framework in Frameworks */ = {isa = PBXBuildFile; fileRef = 6C5AA6031AD9DDE70016E264 /* ParseFacebookUtilsV4.framework */; };
		6C5AA60A1AD9DDE70016E264 /* ParseUI.framework in Frameworks */ = {isa = PBXBuildFile; fileRef = 6C5AA6041AD9DDE70016E264 /* ParseUI.framework */; };
		6C5AA60D1AD9DE570016E264 /* AudioToolbox.framework in Frameworks */ = {isa = PBXBuildFile; fileRef = 6C5AA60C1AD9DE570016E264 /* AudioToolbox.framework */; };
		6C5AA60F1AD9DE6A0016E264 /* CFNetwork.framework in Frameworks */ = {isa = PBXBuildFile; fileRef = 6C5AA60E1AD9DE6A0016E264 /* CFNetwork.framework */; };
		6C5AA6111AD9DE790016E264 /* CoreGraphics.framework in Frameworks */ = {isa = PBXBuildFile; fileRef = 6C5AA6101AD9DE790016E264 /* CoreGraphics.framework */; };
		6C5AA6131AD9DE850016E264 /* CoreLocation.framework in Frameworks */ = {isa = PBXBuildFile; fileRef = 6C5AA6121AD9DE850016E264 /* CoreLocation.framework */; };
		6C5AA6151AD9DE920016E264 /* MobileCoreServices.framework in Frameworks */ = {isa = PBXBuildFile; fileRef = 6C5AA6141AD9DE920016E264 /* MobileCoreServices.framework */; };
		6C5AA6171AD9DE9E0016E264 /* QuartzCore.framework in Frameworks */ = {isa = PBXBuildFile; fileRef = 6C5AA6161AD9DE9E0016E264 /* QuartzCore.framework */; };
		6C5AA6191AD9DEA90016E264 /* Security.framework in Frameworks */ = {isa = PBXBuildFile; fileRef = 6C5AA6181AD9DEA90016E264 /* Security.framework */; };
		6C5AA61B1AD9DEB40016E264 /* StoreKit.framework in Frameworks */ = {isa = PBXBuildFile; fileRef = 6C5AA61A1AD9DEB40016E264 /* StoreKit.framework */; };
		6C5AA61D1AD9DEBF0016E264 /* SystemConfiguration.framework in Frameworks */ = {isa = PBXBuildFile; fileRef = 6C5AA61C1AD9DEBF0016E264 /* SystemConfiguration.framework */; };
		6C5AA61F1AD9DECF0016E264 /* libz.dylib in Frameworks */ = {isa = PBXBuildFile; fileRef = 6C5AA61E1AD9DECF0016E264 /* libz.dylib */; };
		6C5AA6211AD9DEE00016E264 /* libsqlite3.dylib in Frameworks */ = {isa = PBXBuildFile; fileRef = 6C5AA6201AD9DEE00016E264 /* libsqlite3.dylib */; };
		6C5AA6841AD9EAA80016E264 /* JSQMessagesAssets.bundle in Resources */ = {isa = PBXBuildFile; fileRef = 6C5AA6281AD9EAA80016E264 /* JSQMessagesAssets.bundle */; };
		6C5AA6851AD9EAA80016E264 /* JSQSystemSoundPlayer+JSQMessages.m in Sources */ = {isa = PBXBuildFile; fileRef = 6C5AA62B1AD9EAA80016E264 /* JSQSystemSoundPlayer+JSQMessages.m */; };
		6C5AA6861AD9EAA80016E264 /* NSBundle+JSQMessages.m in Sources */ = {isa = PBXBuildFile; fileRef = 6C5AA62D1AD9EAA80016E264 /* NSBundle+JSQMessages.m */; };
		6C5AA6871AD9EAA80016E264 /* NSString+JSQMessages.m in Sources */ = {isa = PBXBuildFile; fileRef = 6C5AA62F1AD9EAA80016E264 /* NSString+JSQMessages.m */; };
		6C5AA6881AD9EAA80016E264 /* UIColor+JSQMessages.m in Sources */ = {isa = PBXBuildFile; fileRef = 6C5AA6311AD9EAA80016E264 /* UIColor+JSQMessages.m */; };
		6C5AA6891AD9EAA80016E264 /* UIDevice+JSQMessages.m in Sources */ = {isa = PBXBuildFile; fileRef = 6C5AA6331AD9EAA80016E264 /* UIDevice+JSQMessages.m */; };
		6C5AA68A1AD9EAA80016E264 /* UIImage+JSQMessages.m in Sources */ = {isa = PBXBuildFile; fileRef = 6C5AA6351AD9EAA80016E264 /* UIImage+JSQMessages.m */; };
		6C5AA68B1AD9EAA80016E264 /* UIView+JSQMessages.m in Sources */ = {isa = PBXBuildFile; fileRef = 6C5AA6371AD9EAA80016E264 /* UIView+JSQMessages.m */; };
		6C5AA68C1AD9EAA80016E264 /* JSQMessagesKeyboardController.m in Sources */ = {isa = PBXBuildFile; fileRef = 6C5AA63A1AD9EAA80016E264 /* JSQMessagesKeyboardController.m */; };
		6C5AA68D1AD9EAA80016E264 /* JSQMessagesViewController.m in Sources */ = {isa = PBXBuildFile; fileRef = 6C5AA63C1AD9EAA80016E264 /* JSQMessagesViewController.m */; };
		6C5AA68E1AD9EAA80016E264 /* JSQMessagesViewController.xib in Resources */ = {isa = PBXBuildFile; fileRef = 6C5AA63D1AD9EAA80016E264 /* JSQMessagesViewController.xib */; };
		6C5AA68F1AD9EAA80016E264 /* JSQMessagesAvatarImageFactory.m in Sources */ = {isa = PBXBuildFile; fileRef = 6C5AA6401AD9EAA80016E264 /* JSQMessagesAvatarImageFactory.m */; };
		6C5AA6901AD9EAA80016E264 /* JSQMessagesBubbleImageFactory.m in Sources */ = {isa = PBXBuildFile; fileRef = 6C5AA6421AD9EAA80016E264 /* JSQMessagesBubbleImageFactory.m */; };
		6C5AA6911AD9EAA80016E264 /* JSQMessagesMediaViewBubbleImageMasker.m in Sources */ = {isa = PBXBuildFile; fileRef = 6C5AA6441AD9EAA80016E264 /* JSQMessagesMediaViewBubbleImageMasker.m */; };
		6C5AA6921AD9EAA80016E264 /* JSQMessagesTimestampFormatter.m in Sources */ = {isa = PBXBuildFile; fileRef = 6C5AA6461AD9EAA80016E264 /* JSQMessagesTimestampFormatter.m */; };
		6C5AA6931AD9EAA80016E264 /* JSQMessagesToolbarButtonFactory.m in Sources */ = {isa = PBXBuildFile; fileRef = 6C5AA6481AD9EAA80016E264 /* JSQMessagesToolbarButtonFactory.m */; };
		6C5AA6941AD9EAA80016E264 /* JSQMessagesCollectionViewFlowLayout.m in Sources */ = {isa = PBXBuildFile; fileRef = 6C5AA64C1AD9EAA80016E264 /* JSQMessagesCollectionViewFlowLayout.m */; };
		6C5AA6951AD9EAA80016E264 /* JSQMessagesCollectionViewFlowLayoutInvalidationContext.m in Sources */ = {isa = PBXBuildFile; fileRef = 6C5AA64E1AD9EAA80016E264 /* JSQMessagesCollectionViewFlowLayoutInvalidationContext.m */; };
		6C5AA6961AD9EAA80016E264 /* JSQMessagesCollectionViewLayoutAttributes.m in Sources */ = {isa = PBXBuildFile; fileRef = 6C5AA6501AD9EAA80016E264 /* JSQMessagesCollectionViewLayoutAttributes.m */; };
		6C5AA6971AD9EAA80016E264 /* JSQLocationMediaItem.m in Sources */ = {isa = PBXBuildFile; fileRef = 6C5AA6531AD9EAA80016E264 /* JSQLocationMediaItem.m */; };
		6C5AA6981AD9EAA80016E264 /* JSQMediaItem.m in Sources */ = {isa = PBXBuildFile; fileRef = 6C5AA6551AD9EAA80016E264 /* JSQMediaItem.m */; };
		6C5AA6991AD9EAA80016E264 /* JSQMessage.m in Sources */ = {isa = PBXBuildFile; fileRef = 6C5AA6571AD9EAA80016E264 /* JSQMessage.m */; };
		6C5AA69A1AD9EAA80016E264 /* JSQMessagesAvatarImage.m in Sources */ = {isa = PBXBuildFile; fileRef = 6C5AA65D1AD9EAA80016E264 /* JSQMessagesAvatarImage.m */; };
		6C5AA69B1AD9EAA80016E264 /* JSQMessagesBubbleImage.m in Sources */ = {isa = PBXBuildFile; fileRef = 6C5AA65F1AD9EAA80016E264 /* JSQMessagesBubbleImage.m */; };
		6C5AA69C1AD9EAA80016E264 /* JSQPhotoMediaItem.m in Sources */ = {isa = PBXBuildFile; fileRef = 6C5AA6631AD9EAA80016E264 /* JSQPhotoMediaItem.m */; };
		6C5AA69D1AD9EAA80016E264 /* JSQVideoMediaItem.m in Sources */ = {isa = PBXBuildFile; fileRef = 6C5AA6651AD9EAA80016E264 /* JSQVideoMediaItem.m */; };
		6C5AA69E1AD9EAA80016E264 /* JSQMessagesCellTextView.m in Sources */ = {isa = PBXBuildFile; fileRef = 6C5AA6681AD9EAA80016E264 /* JSQMessagesCellTextView.m */; };
		6C5AA69F1AD9EAA80016E264 /* JSQMessagesCollectionView.m in Sources */ = {isa = PBXBuildFile; fileRef = 6C5AA66A1AD9EAA80016E264 /* JSQMessagesCollectionView.m */; };
		6C5AA6A01AD9EAA80016E264 /* JSQMessagesCollectionViewCell.m in Sources */ = {isa = PBXBuildFile; fileRef = 6C5AA66C1AD9EAA80016E264 /* JSQMessagesCollectionViewCell.m */; };
		6C5AA6A11AD9EAA80016E264 /* JSQMessagesCollectionViewCellIncoming.m in Sources */ = {isa = PBXBuildFile; fileRef = 6C5AA66E1AD9EAA80016E264 /* JSQMessagesCollectionViewCellIncoming.m */; };
		6C5AA6A21AD9EAA80016E264 /* JSQMessagesCollectionViewCellIncoming.xib in Resources */ = {isa = PBXBuildFile; fileRef = 6C5AA66F1AD9EAA80016E264 /* JSQMessagesCollectionViewCellIncoming.xib */; };
		6C5AA6A31AD9EAA80016E264 /* JSQMessagesCollectionViewCellOutgoing.m in Sources */ = {isa = PBXBuildFile; fileRef = 6C5AA6711AD9EAA80016E264 /* JSQMessagesCollectionViewCellOutgoing.m */; };
		6C5AA6A41AD9EAA80016E264 /* JSQMessagesCollectionViewCellOutgoing.xib in Resources */ = {isa = PBXBuildFile; fileRef = 6C5AA6721AD9EAA80016E264 /* JSQMessagesCollectionViewCellOutgoing.xib */; };
		6C5AA6A51AD9EAA80016E264 /* JSQMessagesComposerTextView.m in Sources */ = {isa = PBXBuildFile; fileRef = 6C5AA6741AD9EAA80016E264 /* JSQMessagesComposerTextView.m */; };
		6C5AA6A61AD9EAA80016E264 /* JSQMessagesInputToolbar.m in Sources */ = {isa = PBXBuildFile; fileRef = 6C5AA6761AD9EAA80016E264 /* JSQMessagesInputToolbar.m */; };
		6C5AA6A71AD9EAA80016E264 /* JSQMessagesLabel.m in Sources */ = {isa = PBXBuildFile; fileRef = 6C5AA6781AD9EAA80016E264 /* JSQMessagesLabel.m */; };
		6C5AA6A81AD9EAA80016E264 /* JSQMessagesLoadEarlierHeaderView.m in Sources */ = {isa = PBXBuildFile; fileRef = 6C5AA67A1AD9EAA80016E264 /* JSQMessagesLoadEarlierHeaderView.m */; };
		6C5AA6A91AD9EAA80016E264 /* JSQMessagesLoadEarlierHeaderView.xib in Resources */ = {isa = PBXBuildFile; fileRef = 6C5AA67B1AD9EAA80016E264 /* JSQMessagesLoadEarlierHeaderView.xib */; };
		6C5AA6AA1AD9EAA80016E264 /* JSQMessagesMediaPlaceholderView.m in Sources */ = {isa = PBXBuildFile; fileRef = 6C5AA67D1AD9EAA80016E264 /* JSQMessagesMediaPlaceholderView.m */; };
		6C5AA6AB1AD9EAA80016E264 /* JSQMessagesToolbarContentView.m in Sources */ = {isa = PBXBuildFile; fileRef = 6C5AA67F1AD9EAA80016E264 /* JSQMessagesToolbarContentView.m */; };
		6C5AA6AC1AD9EAA80016E264 /* JSQMessagesToolbarContentView.xib in Resources */ = {isa = PBXBuildFile; fileRef = 6C5AA6801AD9EAA80016E264 /* JSQMessagesToolbarContentView.xib */; };
		6C5AA6AD1AD9EAA80016E264 /* JSQMessagesTypingIndicatorFooterView.m in Sources */ = {isa = PBXBuildFile; fileRef = 6C5AA6821AD9EAA80016E264 /* JSQMessagesTypingIndicatorFooterView.m */; };
		6C5AA6AE1AD9EAA80016E264 /* JSQMessagesTypingIndicatorFooterView.xib in Resources */ = {isa = PBXBuildFile; fileRef = 6C5AA6831AD9EAA80016E264 /* JSQMessagesTypingIndicatorFooterView.xib */; };
		6C5AA6B11AD9EB680016E264 /* JSQSystemSoundPlayer.m in Sources */ = {isa = PBXBuildFile; fileRef = 6C5AA6B01AD9EB680016E264 /* JSQSystemSoundPlayer.m */; };
		6C5AA6B31AD9F1130016E264 /* LoginSignUpViewController.swift in Sources */ = {isa = PBXBuildFile; fileRef = 6C5AA6B21AD9F1130016E264 /* LoginSignUpViewController.swift */; };
		6C5AA6B51AD9F2560016E264 /* Social.framework in Frameworks */ = {isa = PBXBuildFile; fileRef = 6C5AA6B41AD9F2560016E264 /* Social.framework */; };
		6C5AA6B71AD9F2CB0016E264 /* Accounts.framework in Frameworks */ = {isa = PBXBuildFile; fileRef = 6C5AA6B61AD9F2CA0016E264 /* Accounts.framework */; };
		6C5AA6B91AD9FF280016E264 /* OverviewTableViewController.swift in Sources */ = {isa = PBXBuildFile; fileRef = 6C5AA6B81AD9FF280016E264 /* OverviewTableViewController.swift */; };
		6CF7ABDE1ADAB9E9000ED87C /* ChooseTableViewController.swift in Sources */ = {isa = PBXBuildFile; fileRef = 6CF7ABDD1ADAB9E9000ED87C /* ChooseTableViewController.swift */; };
/* End PBXBuildFile section */

/* Begin PBXContainerItemProxy section */
		6C5AA5F01AD9DB4C0016E264 /* PBXContainerItemProxy */ = {
			isa = PBXContainerItemProxy;
			containerPortal = 6C5AA5D21AD9DB4C0016E264 /* Project object */;
			proxyType = 1;
			remoteGlobalIDString = 6C5AA5D91AD9DB4C0016E264;
			remoteInfo = Dollhouse;
		};
/* End PBXContainerItemProxy section */

/* Begin PBXFileReference section */
		6C5AA5DA1AD9DB4C0016E264 /* Dollhouse.app */ = {isa = PBXFileReference; explicitFileType = wrapper.application; includeInIndex = 0; path = Dollhouse.app; sourceTree = BUILT_PRODUCTS_DIR; };
		6C5AA5DE1AD9DB4C0016E264 /* Info.plist */ = {isa = PBXFileReference; lastKnownFileType = text.plist.xml; path = Info.plist; sourceTree = "<group>"; };
		6C5AA5DF1AD9DB4C0016E264 /* AppDelegate.swift */ = {isa = PBXFileReference; lastKnownFileType = sourcecode.swift; path = AppDelegate.swift; sourceTree = "<group>"; };
		6C5AA5E41AD9DB4C0016E264 /* Base */ = {isa = PBXFileReference; lastKnownFileType = file.storyboard; name = Base; path = Base.lproj/Main.storyboard; sourceTree = "<group>"; };
		6C5AA5E61AD9DB4C0016E264 /* Images.xcassets */ = {isa = PBXFileReference; lastKnownFileType = folder.assetcatalog; path = Images.xcassets; sourceTree = "<group>"; };
		6C5AA5E91AD9DB4C0016E264 /* Base */ = {isa = PBXFileReference; lastKnownFileType = file.xib; name = Base; path = Base.lproj/LaunchScreen.xib; sourceTree = "<group>"; };
		6C5AA5EF1AD9DB4C0016E264 /* DollhouseTests.xctest */ = {isa = PBXFileReference; explicitFileType = wrapper.cfbundle; includeInIndex = 0; path = DollhouseTests.xctest; sourceTree = BUILT_PRODUCTS_DIR; };
		6C5AA5F41AD9DB4C0016E264 /* Info.plist */ = {isa = PBXFileReference; lastKnownFileType = text.plist.xml; path = Info.plist; sourceTree = "<group>"; };
		6C5AA5F51AD9DB4C0016E264 /* DollhouseTests.swift */ = {isa = PBXFileReference; lastKnownFileType = sourcecode.swift; path = DollhouseTests.swift; sourceTree = "<group>"; };
		6C5AA5FF1AD9DDE70016E264 /* Bolts.framework */ = {isa = PBXFileReference; lastKnownFileType = wrapper.framework; path = Bolts.framework; sourceTree = "<group>"; };
		6C5AA6001AD9DDE70016E264 /* Parse.framework */ = {isa = PBXFileReference; lastKnownFileType = wrapper.framework; path = Parse.framework; sourceTree = "<group>"; };
		6C5AA6011AD9DDE70016E264 /* ParseCrashReporting.framework */ = {isa = PBXFileReference; lastKnownFileType = wrapper.framework; path = ParseCrashReporting.framework; sourceTree = "<group>"; };
		6C5AA6021AD9DDE70016E264 /* ParseFacebookUtils.framework */ = {isa = PBXFileReference; lastKnownFileType = wrapper.framework; path = ParseFacebookUtils.framework; sourceTree = "<group>"; };
		6C5AA6031AD9DDE70016E264 /* ParseFacebookUtilsV4.framework */ = {isa = PBXFileReference; lastKnownFileType = wrapper.framework; path = ParseFacebookUtilsV4.framework; sourceTree = "<group>"; };
		6C5AA6041AD9DDE70016E264 /* ParseUI.framework */ = {isa = PBXFileReference; lastKnownFileType = wrapper.framework; path = ParseUI.framework; sourceTree = "<group>"; };
		6C5AA60C1AD9DE570016E264 /* AudioToolbox.framework */ = {isa = PBXFileReference; lastKnownFileType = wrapper.framework; name = AudioToolbox.framework; path = System/Library/Frameworks/AudioToolbox.framework; sourceTree = SDKROOT; };
		6C5AA60E1AD9DE6A0016E264 /* CFNetwork.framework */ = {isa = PBXFileReference; lastKnownFileType = wrapper.framework; name = CFNetwork.framework; path = System/Library/Frameworks/CFNetwork.framework; sourceTree = SDKROOT; };
		6C5AA6101AD9DE790016E264 /* CoreGraphics.framework */ = {isa = PBXFileReference; lastKnownFileType = wrapper.framework; name = CoreGraphics.framework; path = System/Library/Frameworks/CoreGraphics.framework; sourceTree = SDKROOT; };
		6C5AA6121AD9DE850016E264 /* CoreLocation.framework */ = {isa = PBXFileReference; lastKnownFileType = wrapper.framework; name = CoreLocation.framework; path = System/Library/Frameworks/CoreLocation.framework; sourceTree = SDKROOT; };
		6C5AA6141AD9DE920016E264 /* MobileCoreServices.framework */ = {isa = PBXFileReference; lastKnownFileType = wrapper.framework; name = MobileCoreServices.framework; path = System/Library/Frameworks/MobileCoreServices.framework; sourceTree = SDKROOT; };
		6C5AA6161AD9DE9E0016E264 /* QuartzCore.framework */ = {isa = PBXFileReference; lastKnownFileType = wrapper.framework; name = QuartzCore.framework; path = System/Library/Frameworks/QuartzCore.framework; sourceTree = SDKROOT; };
		6C5AA6181AD9DEA90016E264 /* Security.framework */ = {isa = PBXFileReference; lastKnownFileType = wrapper.framework; name = Security.framework; path = System/Library/Frameworks/Security.framework; sourceTree = SDKROOT; };
		6C5AA61A1AD9DEB40016E264 /* StoreKit.framework */ = {isa = PBXFileReference; lastKnownFileType = wrapper.framework; name = StoreKit.framework; path = System/Library/Frameworks/StoreKit.framework; sourceTree = SDKROOT; };
		6C5AA61C1AD9DEBF0016E264 /* SystemConfiguration.framework */ = {isa = PBXFileReference; lastKnownFileType = wrapper.framework; name = SystemConfiguration.framework; path = System/Library/Frameworks/SystemConfiguration.framework; sourceTree = SDKROOT; };
		6C5AA61E1AD9DECF0016E264 /* libz.dylib */ = {isa = PBXFileReference; lastKnownFileType = "compiled.mach-o.dylib"; name = libz.dylib; path = usr/lib/libz.dylib; sourceTree = SDKROOT; };
		6C5AA6201AD9DEE00016E264 /* libsqlite3.dylib */ = {isa = PBXFileReference; lastKnownFileType = "compiled.mach-o.dylib"; name = libsqlite3.dylib; path = usr/lib/libsqlite3.dylib; sourceTree = SDKROOT; };
		6C5AA6221AD9DF7C0016E264 /* Dollhouse-Bridging-Header.h */ = {isa = PBXFileReference; lastKnownFileType = sourcecode.c.h; path = "Dollhouse-Bridging-Header.h"; sourceTree = "<group>"; };
		6C5AA6281AD9EAA80016E264 /* JSQMessagesAssets.bundle */ = {isa = PBXFileReference; lastKnownFileType = "wrapper.plug-in"; path = JSQMessagesAssets.bundle; sourceTree = "<group>"; };
		6C5AA62A1AD9EAA80016E264 /* JSQSystemSoundPlayer+JSQMessages.h */ = {isa = PBXFileReference; fileEncoding = 4; lastKnownFileType = sourcecode.c.h; path = "JSQSystemSoundPlayer+JSQMessages.h"; sourceTree = "<group>"; };
		6C5AA62B1AD9EAA80016E264 /* JSQSystemSoundPlayer+JSQMessages.m */ = {isa = PBXFileReference; fileEncoding = 4; lastKnownFileType = sourcecode.c.objc; path = "JSQSystemSoundPlayer+JSQMessages.m"; sourceTree = "<group>"; };
		6C5AA62C1AD9EAA80016E264 /* NSBundle+JSQMessages.h */ = {isa = PBXFileReference; fileEncoding = 4; lastKnownFileType = sourcecode.c.h; path = "NSBundle+JSQMessages.h"; sourceTree = "<group>"; };
		6C5AA62D1AD9EAA80016E264 /* NSBundle+JSQMessages.m */ = {isa = PBXFileReference; fileEncoding = 4; lastKnownFileType = sourcecode.c.objc; path = "NSBundle+JSQMessages.m"; sourceTree = "<group>"; };
		6C5AA62E1AD9EAA80016E264 /* NSString+JSQMessages.h */ = {isa = PBXFileReference; fileEncoding = 4; lastKnownFileType = sourcecode.c.h; path = "NSString+JSQMessages.h"; sourceTree = "<group>"; };
		6C5AA62F1AD9EAA80016E264 /* NSString+JSQMessages.m */ = {isa = PBXFileReference; fileEncoding = 4; lastKnownFileType = sourcecode.c.objc; path = "NSString+JSQMessages.m"; sourceTree = "<group>"; };
		6C5AA6301AD9EAA80016E264 /* UIColor+JSQMessages.h */ = {isa = PBXFileReference; fileEncoding = 4; lastKnownFileType = sourcecode.c.h; path = "UIColor+JSQMessages.h"; sourceTree = "<group>"; };
		6C5AA6311AD9EAA80016E264 /* UIColor+JSQMessages.m */ = {isa = PBXFileReference; fileEncoding = 4; lastKnownFileType = sourcecode.c.objc; path = "UIColor+JSQMessages.m"; sourceTree = "<group>"; };
		6C5AA6321AD9EAA80016E264 /* UIDevice+JSQMessages.h */ = {isa = PBXFileReference; fileEncoding = 4; lastKnownFileType = sourcecode.c.h; path = "UIDevice+JSQMessages.h"; sourceTree = "<group>"; };
		6C5AA6331AD9EAA80016E264 /* UIDevice+JSQMessages.m */ = {isa = PBXFileReference; fileEncoding = 4; lastKnownFileType = sourcecode.c.objc; path = "UIDevice+JSQMessages.m"; sourceTree = "<group>"; };
		6C5AA6341AD9EAA80016E264 /* UIImage+JSQMessages.h */ = {isa = PBXFileReference; fileEncoding = 4; lastKnownFileType = sourcecode.c.h; path = "UIImage+JSQMessages.h"; sourceTree = "<group>"; };
		6C5AA6351AD9EAA80016E264 /* UIImage+JSQMessages.m */ = {isa = PBXFileReference; fileEncoding = 4; lastKnownFileType = sourcecode.c.objc; path = "UIImage+JSQMessages.m"; sourceTree = "<group>"; };
		6C5AA6361AD9EAA80016E264 /* UIView+JSQMessages.h */ = {isa = PBXFileReference; fileEncoding = 4; lastKnownFileType = sourcecode.c.h; path = "UIView+JSQMessages.h"; sourceTree = "<group>"; };
		6C5AA6371AD9EAA80016E264 /* UIView+JSQMessages.m */ = {isa = PBXFileReference; fileEncoding = 4; lastKnownFileType = sourcecode.c.objc; path = "UIView+JSQMessages.m"; sourceTree = "<group>"; };
		6C5AA6391AD9EAA80016E264 /* JSQMessagesKeyboardController.h */ = {isa = PBXFileReference; fileEncoding = 4; lastKnownFileType = sourcecode.c.h; path = JSQMessagesKeyboardController.h; sourceTree = "<group>"; };
		6C5AA63A1AD9EAA80016E264 /* JSQMessagesKeyboardController.m */ = {isa = PBXFileReference; fileEncoding = 4; lastKnownFileType = sourcecode.c.objc; path = JSQMessagesKeyboardController.m; sourceTree = "<group>"; };
		6C5AA63B1AD9EAA80016E264 /* JSQMessagesViewController.h */ = {isa = PBXFileReference; fileEncoding = 4; lastKnownFileType = sourcecode.c.h; path = JSQMessagesViewController.h; sourceTree = "<group>"; };
		6C5AA63C1AD9EAA80016E264 /* JSQMessagesViewController.m */ = {isa = PBXFileReference; fileEncoding = 4; lastKnownFileType = sourcecode.c.objc; path = JSQMessagesViewController.m; sourceTree = "<group>"; };
		6C5AA63D1AD9EAA80016E264 /* JSQMessagesViewController.xib */ = {isa = PBXFileReference; fileEncoding = 4; lastKnownFileType = file.xib; path = JSQMessagesViewController.xib; sourceTree = "<group>"; };
		6C5AA63F1AD9EAA80016E264 /* JSQMessagesAvatarImageFactory.h */ = {isa = PBXFileReference; fileEncoding = 4; lastKnownFileType = sourcecode.c.h; path = JSQMessagesAvatarImageFactory.h; sourceTree = "<group>"; };
		6C5AA6401AD9EAA80016E264 /* JSQMessagesAvatarImageFactory.m */ = {isa = PBXFileReference; fileEncoding = 4; lastKnownFileType = sourcecode.c.objc; path = JSQMessagesAvatarImageFactory.m; sourceTree = "<group>"; };
		6C5AA6411AD9EAA80016E264 /* JSQMessagesBubbleImageFactory.h */ = {isa = PBXFileReference; fileEncoding = 4; lastKnownFileType = sourcecode.c.h; path = JSQMessagesBubbleImageFactory.h; sourceTree = "<group>"; };
		6C5AA6421AD9EAA80016E264 /* JSQMessagesBubbleImageFactory.m */ = {isa = PBXFileReference; fileEncoding = 4; lastKnownFileType = sourcecode.c.objc; path = JSQMessagesBubbleImageFactory.m; sourceTree = "<group>"; };
		6C5AA6431AD9EAA80016E264 /* JSQMessagesMediaViewBubbleImageMasker.h */ = {isa = PBXFileReference; fileEncoding = 4; lastKnownFileType = sourcecode.c.h; path = JSQMessagesMediaViewBubbleImageMasker.h; sourceTree = "<group>"; };
		6C5AA6441AD9EAA80016E264 /* JSQMessagesMediaViewBubbleImageMasker.m */ = {isa = PBXFileReference; fileEncoding = 4; lastKnownFileType = sourcecode.c.objc; path = JSQMessagesMediaViewBubbleImageMasker.m; sourceTree = "<group>"; };
		6C5AA6451AD9EAA80016E264 /* JSQMessagesTimestampFormatter.h */ = {isa = PBXFileReference; fileEncoding = 4; lastKnownFileType = sourcecode.c.h; path = JSQMessagesTimestampFormatter.h; sourceTree = "<group>"; };
		6C5AA6461AD9EAA80016E264 /* JSQMessagesTimestampFormatter.m */ = {isa = PBXFileReference; fileEncoding = 4; lastKnownFileType = sourcecode.c.objc; path = JSQMessagesTimestampFormatter.m; sourceTree = "<group>"; };
		6C5AA6471AD9EAA80016E264 /* JSQMessagesToolbarButtonFactory.h */ = {isa = PBXFileReference; fileEncoding = 4; lastKnownFileType = sourcecode.c.h; path = JSQMessagesToolbarButtonFactory.h; sourceTree = "<group>"; };
		6C5AA6481AD9EAA80016E264 /* JSQMessagesToolbarButtonFactory.m */ = {isa = PBXFileReference; fileEncoding = 4; lastKnownFileType = sourcecode.c.objc; path = JSQMessagesToolbarButtonFactory.m; sourceTree = "<group>"; };
		6C5AA6491AD9EAA80016E264 /* JSQMessages.h */ = {isa = PBXFileReference; fileEncoding = 4; lastKnownFileType = sourcecode.c.h; path = JSQMessages.h; sourceTree = "<group>"; };
		6C5AA64B1AD9EAA80016E264 /* JSQMessagesCollectionViewFlowLayout.h */ = {isa = PBXFileReference; fileEncoding = 4; lastKnownFileType = sourcecode.c.h; path = JSQMessagesCollectionViewFlowLayout.h; sourceTree = "<group>"; };
		6C5AA64C1AD9EAA80016E264 /* JSQMessagesCollectionViewFlowLayout.m */ = {isa = PBXFileReference; fileEncoding = 4; lastKnownFileType = sourcecode.c.objc; path = JSQMessagesCollectionViewFlowLayout.m; sourceTree = "<group>"; };
		6C5AA64D1AD9EAA80016E264 /* JSQMessagesCollectionViewFlowLayoutInvalidationContext.h */ = {isa = PBXFileReference; fileEncoding = 4; lastKnownFileType = sourcecode.c.h; path = JSQMessagesCollectionViewFlowLayoutInvalidationContext.h; sourceTree = "<group>"; };
		6C5AA64E1AD9EAA80016E264 /* JSQMessagesCollectionViewFlowLayoutInvalidationContext.m */ = {isa = PBXFileReference; fileEncoding = 4; lastKnownFileType = sourcecode.c.objc; path = JSQMessagesCollectionViewFlowLayoutInvalidationContext.m; sourceTree = "<group>"; };
		6C5AA64F1AD9EAA80016E264 /* JSQMessagesCollectionViewLayoutAttributes.h */ = {isa = PBXFileReference; fileEncoding = 4; lastKnownFileType = sourcecode.c.h; path = JSQMessagesCollectionViewLayoutAttributes.h; sourceTree = "<group>"; };
		6C5AA6501AD9EAA80016E264 /* JSQMessagesCollectionViewLayoutAttributes.m */ = {isa = PBXFileReference; fileEncoding = 4; lastKnownFileType = sourcecode.c.objc; path = JSQMessagesCollectionViewLayoutAttributes.m; sourceTree = "<group>"; };
		6C5AA6521AD9EAA80016E264 /* JSQLocationMediaItem.h */ = {isa = PBXFileReference; fileEncoding = 4; lastKnownFileType = sourcecode.c.h; path = JSQLocationMediaItem.h; sourceTree = "<group>"; };
		6C5AA6531AD9EAA80016E264 /* JSQLocationMediaItem.m */ = {isa = PBXFileReference; fileEncoding = 4; lastKnownFileType = sourcecode.c.objc; path = JSQLocationMediaItem.m; sourceTree = "<group>"; };
		6C5AA6541AD9EAA80016E264 /* JSQMediaItem.h */ = {isa = PBXFileReference; fileEncoding = 4; lastKnownFileType = sourcecode.c.h; path = JSQMediaItem.h; sourceTree = "<group>"; };
		6C5AA6551AD9EAA80016E264 /* JSQMediaItem.m */ = {isa = PBXFileReference; fileEncoding = 4; lastKnownFileType = sourcecode.c.objc; path = JSQMediaItem.m; sourceTree = "<group>"; };
		6C5AA6561AD9EAA80016E264 /* JSQMessage.h */ = {isa = PBXFileReference; fileEncoding = 4; lastKnownFileType = sourcecode.c.h; path = JSQMessage.h; sourceTree = "<group>"; };
		6C5AA6571AD9EAA80016E264 /* JSQMessage.m */ = {isa = PBXFileReference; fileEncoding = 4; lastKnownFileType = sourcecode.c.objc; path = JSQMessage.m; sourceTree = "<group>"; };
		6C5AA6581AD9EAA80016E264 /* JSQMessageAvatarImageDataSource.h */ = {isa = PBXFileReference; fileEncoding = 4; lastKnownFileType = sourcecode.c.h; path = JSQMessageAvatarImageDataSource.h; sourceTree = "<group>"; };
		6C5AA6591AD9EAA80016E264 /* JSQMessageBubbleImageDataSource.h */ = {isa = PBXFileReference; fileEncoding = 4; lastKnownFileType = sourcecode.c.h; path = JSQMessageBubbleImageDataSource.h; sourceTree = "<group>"; };
		6C5AA65A1AD9EAA80016E264 /* JSQMessageData.h */ = {isa = PBXFileReference; fileEncoding = 4; lastKnownFileType = sourcecode.c.h; path = JSQMessageData.h; sourceTree = "<group>"; };
		6C5AA65B1AD9EAA80016E264 /* JSQMessageMediaData.h */ = {isa = PBXFileReference; fileEncoding = 4; lastKnownFileType = sourcecode.c.h; path = JSQMessageMediaData.h; sourceTree = "<group>"; };
		6C5AA65C1AD9EAA80016E264 /* JSQMessagesAvatarImage.h */ = {isa = PBXFileReference; fileEncoding = 4; lastKnownFileType = sourcecode.c.h; path = JSQMessagesAvatarImage.h; sourceTree = "<group>"; };
		6C5AA65D1AD9EAA80016E264 /* JSQMessagesAvatarImage.m */ = {isa = PBXFileReference; fileEncoding = 4; lastKnownFileType = sourcecode.c.objc; path = JSQMessagesAvatarImage.m; sourceTree = "<group>"; };
		6C5AA65E1AD9EAA80016E264 /* JSQMessagesBubbleImage.h */ = {isa = PBXFileReference; fileEncoding = 4; lastKnownFileType = sourcecode.c.h; path = JSQMessagesBubbleImage.h; sourceTree = "<group>"; };
		6C5AA65F1AD9EAA80016E264 /* JSQMessagesBubbleImage.m */ = {isa = PBXFileReference; fileEncoding = 4; lastKnownFileType = sourcecode.c.objc; path = JSQMessagesBubbleImage.m; sourceTree = "<group>"; };
		6C5AA6601AD9EAA80016E264 /* JSQMessagesCollectionViewDataSource.h */ = {isa = PBXFileReference; fileEncoding = 4; lastKnownFileType = sourcecode.c.h; path = JSQMessagesCollectionViewDataSource.h; sourceTree = "<group>"; };
		6C5AA6611AD9EAA80016E264 /* JSQMessagesCollectionViewDelegateFlowLayout.h */ = {isa = PBXFileReference; fileEncoding = 4; lastKnownFileType = sourcecode.c.h; path = JSQMessagesCollectionViewDelegateFlowLayout.h; sourceTree = "<group>"; };
		6C5AA6621AD9EAA80016E264 /* JSQPhotoMediaItem.h */ = {isa = PBXFileReference; fileEncoding = 4; lastKnownFileType = sourcecode.c.h; path = JSQPhotoMediaItem.h; sourceTree = "<group>"; };
		6C5AA6631AD9EAA80016E264 /* JSQPhotoMediaItem.m */ = {isa = PBXFileReference; fileEncoding = 4; lastKnownFileType = sourcecode.c.objc; path = JSQPhotoMediaItem.m; sourceTree = "<group>"; };
		6C5AA6641AD9EAA80016E264 /* JSQVideoMediaItem.h */ = {isa = PBXFileReference; fileEncoding = 4; lastKnownFileType = sourcecode.c.h; path = JSQVideoMediaItem.h; sourceTree = "<group>"; };
		6C5AA6651AD9EAA80016E264 /* JSQVideoMediaItem.m */ = {isa = PBXFileReference; fileEncoding = 4; lastKnownFileType = sourcecode.c.objc; path = JSQVideoMediaItem.m; sourceTree = "<group>"; };
		6C5AA6671AD9EAA80016E264 /* JSQMessagesCellTextView.h */ = {isa = PBXFileReference; fileEncoding = 4; lastKnownFileType = sourcecode.c.h; path = JSQMessagesCellTextView.h; sourceTree = "<group>"; };
		6C5AA6681AD9EAA80016E264 /* JSQMessagesCellTextView.m */ = {isa = PBXFileReference; fileEncoding = 4; lastKnownFileType = sourcecode.c.objc; path = JSQMessagesCellTextView.m; sourceTree = "<group>"; };
		6C5AA6691AD9EAA80016E264 /* JSQMessagesCollectionView.h */ = {isa = PBXFileReference; fileEncoding = 4; lastKnownFileType = sourcecode.c.h; path = JSQMessagesCollectionView.h; sourceTree = "<group>"; };
		6C5AA66A1AD9EAA80016E264 /* JSQMessagesCollectionView.m */ = {isa = PBXFileReference; fileEncoding = 4; lastKnownFileType = sourcecode.c.objc; path = JSQMessagesCollectionView.m; sourceTree = "<group>"; };
		6C5AA66B1AD9EAA80016E264 /* JSQMessagesCollectionViewCell.h */ = {isa = PBXFileReference; fileEncoding = 4; lastKnownFileType = sourcecode.c.h; path = JSQMessagesCollectionViewCell.h; sourceTree = "<group>"; };
		6C5AA66C1AD9EAA80016E264 /* JSQMessagesCollectionViewCell.m */ = {isa = PBXFileReference; fileEncoding = 4; lastKnownFileType = sourcecode.c.objc; path = JSQMessagesCollectionViewCell.m; sourceTree = "<group>"; };
		6C5AA66D1AD9EAA80016E264 /* JSQMessagesCollectionViewCellIncoming.h */ = {isa = PBXFileReference; fileEncoding = 4; lastKnownFileType = sourcecode.c.h; path = JSQMessagesCollectionViewCellIncoming.h; sourceTree = "<group>"; };
		6C5AA66E1AD9EAA80016E264 /* JSQMessagesCollectionViewCellIncoming.m */ = {isa = PBXFileReference; fileEncoding = 4; lastKnownFileType = sourcecode.c.objc; path = JSQMessagesCollectionViewCellIncoming.m; sourceTree = "<group>"; };
		6C5AA66F1AD9EAA80016E264 /* JSQMessagesCollectionViewCellIncoming.xib */ = {isa = PBXFileReference; fileEncoding = 4; lastKnownFileType = file.xib; path = JSQMessagesCollectionViewCellIncoming.xib; sourceTree = "<group>"; };
		6C5AA6701AD9EAA80016E264 /* JSQMessagesCollectionViewCellOutgoing.h */ = {isa = PBXFileReference; fileEncoding = 4; lastKnownFileType = sourcecode.c.h; path = JSQMessagesCollectionViewCellOutgoing.h; sourceTree = "<group>"; };
		6C5AA6711AD9EAA80016E264 /* JSQMessagesCollectionViewCellOutgoing.m */ = {isa = PBXFileReference; fileEncoding = 4; lastKnownFileType = sourcecode.c.objc; path = JSQMessagesCollectionViewCellOutgoing.m; sourceTree = "<group>"; };
		6C5AA6721AD9EAA80016E264 /* JSQMessagesCollectionViewCellOutgoing.xib */ = {isa = PBXFileReference; fileEncoding = 4; lastKnownFileType = file.xib; path = JSQMessagesCollectionViewCellOutgoing.xib; sourceTree = "<group>"; };
		6C5AA6731AD9EAA80016E264 /* JSQMessagesComposerTextView.h */ = {isa = PBXFileReference; fileEncoding = 4; lastKnownFileType = sourcecode.c.h; path = JSQMessagesComposerTextView.h; sourceTree = "<group>"; };
		6C5AA6741AD9EAA80016E264 /* JSQMessagesComposerTextView.m */ = {isa = PBXFileReference; fileEncoding = 4; lastKnownFileType = sourcecode.c.objc; path = JSQMessagesComposerTextView.m; sourceTree = "<group>"; };
		6C5AA6751AD9EAA80016E264 /* JSQMessagesInputToolbar.h */ = {isa = PBXFileReference; fileEncoding = 4; lastKnownFileType = sourcecode.c.h; path = JSQMessagesInputToolbar.h; sourceTree = "<group>"; };
		6C5AA6761AD9EAA80016E264 /* JSQMessagesInputToolbar.m */ = {isa = PBXFileReference; fileEncoding = 4; lastKnownFileType = sourcecode.c.objc; path = JSQMessagesInputToolbar.m; sourceTree = "<group>"; };
		6C5AA6771AD9EAA80016E264 /* JSQMessagesLabel.h */ = {isa = PBXFileReference; fileEncoding = 4; lastKnownFileType = sourcecode.c.h; path = JSQMessagesLabel.h; sourceTree = "<group>"; };
		6C5AA6781AD9EAA80016E264 /* JSQMessagesLabel.m */ = {isa = PBXFileReference; fileEncoding = 4; lastKnownFileType = sourcecode.c.objc; path = JSQMessagesLabel.m; sourceTree = "<group>"; };
		6C5AA6791AD9EAA80016E264 /* JSQMessagesLoadEarlierHeaderView.h */ = {isa = PBXFileReference; fileEncoding = 4; lastKnownFileType = sourcecode.c.h; path = JSQMessagesLoadEarlierHeaderView.h; sourceTree = "<group>"; };
		6C5AA67A1AD9EAA80016E264 /* JSQMessagesLoadEarlierHeaderView.m */ = {isa = PBXFileReference; fileEncoding = 4; lastKnownFileType = sourcecode.c.objc; path = JSQMessagesLoadEarlierHeaderView.m; sourceTree = "<group>"; };
		6C5AA67B1AD9EAA80016E264 /* JSQMessagesLoadEarlierHeaderView.xib */ = {isa = PBXFileReference; fileEncoding = 4; lastKnownFileType = file.xib; path = JSQMessagesLoadEarlierHeaderView.xib; sourceTree = "<group>"; };
		6C5AA67C1AD9EAA80016E264 /* JSQMessagesMediaPlaceholderView.h */ = {isa = PBXFileReference; fileEncoding = 4; lastKnownFileType = sourcecode.c.h; path = JSQMessagesMediaPlaceholderView.h; sourceTree = "<group>"; };
		6C5AA67D1AD9EAA80016E264 /* JSQMessagesMediaPlaceholderView.m */ = {isa = PBXFileReference; fileEncoding = 4; lastKnownFileType = sourcecode.c.objc; path = JSQMessagesMediaPlaceholderView.m; sourceTree = "<group>"; };
		6C5AA67E1AD9EAA80016E264 /* JSQMessagesToolbarContentView.h */ = {isa = PBXFileReference; fileEncoding = 4; lastKnownFileType = sourcecode.c.h; path = JSQMessagesToolbarContentView.h; sourceTree = "<group>"; };
		6C5AA67F1AD9EAA80016E264 /* JSQMessagesToolbarContentView.m */ = {isa = PBXFileReference; fileEncoding = 4; lastKnownFileType = sourcecode.c.objc; path = JSQMessagesToolbarContentView.m; sourceTree = "<group>"; };
		6C5AA6801AD9EAA80016E264 /* JSQMessagesToolbarContentView.xib */ = {isa = PBXFileReference; fileEncoding = 4; lastKnownFileType = file.xib; path = JSQMessagesToolbarContentView.xib; sourceTree = "<group>"; };
		6C5AA6811AD9EAA80016E264 /* JSQMessagesTypingIndicatorFooterView.h */ = {isa = PBXFileReference; fileEncoding = 4; lastKnownFileType = sourcecode.c.h; path = JSQMessagesTypingIndicatorFooterView.h; sourceTree = "<group>"; };
		6C5AA6821AD9EAA80016E264 /* JSQMessagesTypingIndicatorFooterView.m */ = {isa = PBXFileReference; fileEncoding = 4; lastKnownFileType = sourcecode.c.objc; path = JSQMessagesTypingIndicatorFooterView.m; sourceTree = "<group>"; };
		6C5AA6831AD9EAA80016E264 /* JSQMessagesTypingIndicatorFooterView.xib */ = {isa = PBXFileReference; fileEncoding = 4; lastKnownFileType = file.xib; path = JSQMessagesTypingIndicatorFooterView.xib; sourceTree = "<group>"; };
		6C5AA6AF1AD9EB680016E264 /* JSQSystemSoundPlayer.h */ = {isa = PBXFileReference; fileEncoding = 4; lastKnownFileType = sourcecode.c.h; path = JSQSystemSoundPlayer.h; sourceTree = "<group>"; };
		6C5AA6B01AD9EB680016E264 /* JSQSystemSoundPlayer.m */ = {isa = PBXFileReference; fileEncoding = 4; lastKnownFileType = sourcecode.c.objc; path = JSQSystemSoundPlayer.m; sourceTree = "<group>"; };
		6C5AA6B21AD9F1130016E264 /* LoginSignUpViewController.swift */ = {isa = PBXFileReference; fileEncoding = 4; lastKnownFileType = sourcecode.swift; path = LoginSignUpViewController.swift; sourceTree = "<group>"; };
		6C5AA6B41AD9F2560016E264 /* Social.framework */ = {isa = PBXFileReference; lastKnownFileType = wrapper.framework; name = Social.framework; path = System/Library/Frameworks/Social.framework; sourceTree = SDKROOT; };
		6C5AA6B61AD9F2CA0016E264 /* Accounts.framework */ = {isa = PBXFileReference; lastKnownFileType = wrapper.framework; name = Accounts.framework; path = System/Library/Frameworks/Accounts.framework; sourceTree = SDKROOT; };
		6C5AA6B81AD9FF280016E264 /* OverviewTableViewController.swift */ = {isa = PBXFileReference; fileEncoding = 4; lastKnownFileType = sourcecode.swift; path = OverviewTableViewController.swift; sourceTree = "<group>"; };
		6CF7ABDD1ADAB9E9000ED87C /* ChooseTableViewController.swift */ = {isa = PBXFileReference; fileEncoding = 4; lastKnownFileType = sourcecode.swift; path = ChooseTableViewController.swift; sourceTree = "<group>"; };
/* End PBXFileReference section */

/* Begin PBXFrameworksBuildPhase section */
		6C5AA5D71AD9DB4C0016E264 /* Frameworks */ = {
			isa = PBXFrameworksBuildPhase;
			buildActionMask = 2147483647;
			files = (
				6C5AA6B71AD9F2CB0016E264 /* Accounts.framework in Frameworks */,
				6C5AA6B51AD9F2560016E264 /* Social.framework in Frameworks */,
				6C5AA6211AD9DEE00016E264 /* libsqlite3.dylib in Frameworks */,
				6C5AA61F1AD9DECF0016E264 /* libz.dylib in Frameworks */,
				6C5AA61D1AD9DEBF0016E264 /* SystemConfiguration.framework in Frameworks */,
				6C5AA61B1AD9DEB40016E264 /* StoreKit.framework in Frameworks */,
				6C5AA6191AD9DEA90016E264 /* Security.framework in Frameworks */,
				6C5AA6171AD9DE9E0016E264 /* QuartzCore.framework in Frameworks */,
				6C5AA6151AD9DE920016E264 /* MobileCoreServices.framework in Frameworks */,
				6C5AA6131AD9DE850016E264 /* CoreLocation.framework in Frameworks */,
				6C5AA6111AD9DE790016E264 /* CoreGraphics.framework in Frameworks */,
				6C5AA60F1AD9DE6A0016E264 /* CFNetwork.framework in Frameworks */,
				6C5AA60D1AD9DE570016E264 /* AudioToolbox.framework in Frameworks */,
				6C5AA60A1AD9DDE70016E264 /* ParseUI.framework in Frameworks */,
				6C5AA6061AD9DDE70016E264 /* Parse.framework in Frameworks */,
				6C5AA6071AD9DDE70016E264 /* ParseCrashReporting.framework in Frameworks */,
				6C5AA6081AD9DDE70016E264 /* ParseFacebookUtils.framework in Frameworks */,
				6C5AA6051AD9DDE70016E264 /* Bolts.framework in Frameworks */,
				6C5AA6091AD9DDE70016E264 /* ParseFacebookUtilsV4.framework in Frameworks */,
			);
			runOnlyForDeploymentPostprocessing = 0;
		};
		6C5AA5EC1AD9DB4C0016E264 /* Frameworks */ = {
			isa = PBXFrameworksBuildPhase;
			buildActionMask = 2147483647;
			files = (
			);
			runOnlyForDeploymentPostprocessing = 0;
		};
/* End PBXFrameworksBuildPhase section */

/* Begin PBXGroup section */
		6C5AA5D11AD9DB4C0016E264 = {
			isa = PBXGroup;
			children = (
				6C5AA5DC1AD9DB4C0016E264 /* Dollhouse */,
				6C5AA5F21AD9DB4C0016E264 /* DollhouseTests */,
				6C5AA5DB1AD9DB4C0016E264 /* Products */,
			);
			sourceTree = "<group>";
		};
		6C5AA5DB1AD9DB4C0016E264 /* Products */ = {
			isa = PBXGroup;
			children = (
				6C5AA5DA1AD9DB4C0016E264 /* Dollhouse.app */,
				6C5AA5EF1AD9DB4C0016E264 /* DollhouseTests.xctest */,
			);
			name = Products;
			sourceTree = "<group>";
		};
		6C5AA5DC1AD9DB4C0016E264 /* Dollhouse */ = {
			isa = PBXGroup;
			children = (
				6C5AA5DF1AD9DB4C0016E264 /* AppDelegate.swift */,
				6C5AA6B21AD9F1130016E264 /* LoginSignUpViewController.swift */,
				6C5AA6B81AD9FF280016E264 /* OverviewTableViewController.swift */,
				6CF7ABDD1ADAB9E9000ED87C /* ChooseTableViewController.swift */,
				6C5AA5E31AD9DB4C0016E264 /* Main.storyboard */,
				6C5AA5E61AD9DB4C0016E264 /* Images.xcassets */,
				6C5AA6221AD9DF7C0016E264 /* Dollhouse-Bridging-Header.h */,
				6C5AA5E81AD9DB4C0016E264 /* LaunchScreen.xib */,
				6C5AA5DD1AD9DB4C0016E264 /* Supporting Files */,
			);
			path = Dollhouse;
			sourceTree = "<group>";
		};
		6C5AA5DD1AD9DB4C0016E264 /* Supporting Files */ = {
			isa = PBXGroup;
			children = (
				6C5AA6261AD9EAA80016E264 /* JSQMessagesViewController */,
				6C5AA60B1AD9DDFB0016E264 /* Frameworks */,
				6C5AA5DE1AD9DB4C0016E264 /* Info.plist */,
			);
			name = "Supporting Files";
			sourceTree = "<group>";
		};
		6C5AA5F21AD9DB4C0016E264 /* DollhouseTests */ = {
			isa = PBXGroup;
			children = (
				6C5AA5F51AD9DB4C0016E264 /* DollhouseTests.swift */,
				6C5AA5F31AD9DB4C0016E264 /* Supporting Files */,
			);
			path = DollhouseTests;
			sourceTree = "<group>";
		};
		6C5AA5F31AD9DB4C0016E264 /* Supporting Files */ = {
			isa = PBXGroup;
			children = (
				6C5AA5F41AD9DB4C0016E264 /* Info.plist */,
			);
			name = "Supporting Files";
			sourceTree = "<group>";
		};
		6C5AA60B1AD9DDFB0016E264 /* Frameworks */ = {
			isa = PBXGroup;
			children = (
				6C5AA6B61AD9F2CA0016E264 /* Accounts.framework */,
				6C5AA6B41AD9F2560016E264 /* Social.framework */,
				6C5AA6201AD9DEE00016E264 /* libsqlite3.dylib */,
				6C5AA61E1AD9DECF0016E264 /* libz.dylib */,
				6C5AA61C1AD9DEBF0016E264 /* SystemConfiguration.framework */,
				6C5AA61A1AD9DEB40016E264 /* StoreKit.framework */,
				6C5AA6181AD9DEA90016E264 /* Security.framework */,
				6C5AA6161AD9DE9E0016E264 /* QuartzCore.framework */,
				6C5AA6141AD9DE920016E264 /* MobileCoreServices.framework */,
				6C5AA6121AD9DE850016E264 /* CoreLocation.framework */,
				6C5AA6101AD9DE790016E264 /* CoreGraphics.framework */,
				6C5AA60E1AD9DE6A0016E264 /* CFNetwork.framework */,
				6C5AA60C1AD9DE570016E264 /* AudioToolbox.framework */,
				6C5AA5FF1AD9DDE70016E264 /* Bolts.framework */,
				6C5AA6001AD9DDE70016E264 /* Parse.framework */,
				6C5AA6011AD9DDE70016E264 /* ParseCrashReporting.framework */,
				6C5AA6021AD9DDE70016E264 /* ParseFacebookUtils.framework */,
				6C5AA6031AD9DDE70016E264 /* ParseFacebookUtilsV4.framework */,
				6C5AA6041AD9DDE70016E264 /* ParseUI.framework */,
			);
			name = Frameworks;
			path = ..;
			sourceTree = "<group>";
		};
		6C5AA6261AD9EAA80016E264 /* JSQMessagesViewController */ = {
			isa = PBXGroup;
			children = (
				6C5AA6491AD9EAA80016E264 /* JSQMessages.h */,
				6C5AA6AF1AD9EB680016E264 /* JSQSystemSoundPlayer.h */,
				6C5AA6B01AD9EB680016E264 /* JSQSystemSoundPlayer.m */,
				6C5AA6271AD9EAA80016E264 /* Assets */,
				6C5AA6291AD9EAA80016E264 /* Categories */,
				6C5AA6381AD9EAA80016E264 /* Controllers */,
				6C5AA63E1AD9EAA80016E264 /* Factories */,
				6C5AA64A1AD9EAA80016E264 /* Layout */,
				6C5AA6511AD9EAA80016E264 /* Model */,
				6C5AA6661AD9EAA80016E264 /* Views */,
			);
			path = JSQMessagesViewController;
			sourceTree = "<group>";
		};
		6C5AA6271AD9EAA80016E264 /* Assets */ = {
			isa = PBXGroup;
			children = (
				6C5AA6281AD9EAA80016E264 /* JSQMessagesAssets.bundle */,
			);
			path = Assets;
			sourceTree = "<group>";
		};
		6C5AA6291AD9EAA80016E264 /* Categories */ = {
			isa = PBXGroup;
			children = (
				6C5AA62A1AD9EAA80016E264 /* JSQSystemSoundPlayer+JSQMessages.h */,
				6C5AA62B1AD9EAA80016E264 /* JSQSystemSoundPlayer+JSQMessages.m */,
				6C5AA62C1AD9EAA80016E264 /* NSBundle+JSQMessages.h */,
				6C5AA62D1AD9EAA80016E264 /* NSBundle+JSQMessages.m */,
				6C5AA62E1AD9EAA80016E264 /* NSString+JSQMessages.h */,
				6C5AA62F1AD9EAA80016E264 /* NSString+JSQMessages.m */,
				6C5AA6301AD9EAA80016E264 /* UIColor+JSQMessages.h */,
				6C5AA6311AD9EAA80016E264 /* UIColor+JSQMessages.m */,
				6C5AA6321AD9EAA80016E264 /* UIDevice+JSQMessages.h */,
				6C5AA6331AD9EAA80016E264 /* UIDevice+JSQMessages.m */,
				6C5AA6341AD9EAA80016E264 /* UIImage+JSQMessages.h */,
				6C5AA6351AD9EAA80016E264 /* UIImage+JSQMessages.m */,
				6C5AA6361AD9EAA80016E264 /* UIView+JSQMessages.h */,
				6C5AA6371AD9EAA80016E264 /* UIView+JSQMessages.m */,
			);
			path = Categories;
			sourceTree = "<group>";
		};
		6C5AA6381AD9EAA80016E264 /* Controllers */ = {
			isa = PBXGroup;
			children = (
				6C5AA6391AD9EAA80016E264 /* JSQMessagesKeyboardController.h */,
				6C5AA63A1AD9EAA80016E264 /* JSQMessagesKeyboardController.m */,
				6C5AA63B1AD9EAA80016E264 /* JSQMessagesViewController.h */,
				6C5AA63C1AD9EAA80016E264 /* JSQMessagesViewController.m */,
				6C5AA63D1AD9EAA80016E264 /* JSQMessagesViewController.xib */,
			);
			path = Controllers;
			sourceTree = "<group>";
		};
		6C5AA63E1AD9EAA80016E264 /* Factories */ = {
			isa = PBXGroup;
			children = (
				6C5AA63F1AD9EAA80016E264 /* JSQMessagesAvatarImageFactory.h */,
				6C5AA6401AD9EAA80016E264 /* JSQMessagesAvatarImageFactory.m */,
				6C5AA6411AD9EAA80016E264 /* JSQMessagesBubbleImageFactory.h */,
				6C5AA6421AD9EAA80016E264 /* JSQMessagesBubbleImageFactory.m */,
				6C5AA6431AD9EAA80016E264 /* JSQMessagesMediaViewBubbleImageMasker.h */,
				6C5AA6441AD9EAA80016E264 /* JSQMessagesMediaViewBubbleImageMasker.m */,
				6C5AA6451AD9EAA80016E264 /* JSQMessagesTimestampFormatter.h */,
				6C5AA6461AD9EAA80016E264 /* JSQMessagesTimestampFormatter.m */,
				6C5AA6471AD9EAA80016E264 /* JSQMessagesToolbarButtonFactory.h */,
				6C5AA6481AD9EAA80016E264 /* JSQMessagesToolbarButtonFactory.m */,
			);
			path = Factories;
			sourceTree = "<group>";
		};
		6C5AA64A1AD9EAA80016E264 /* Layout */ = {
			isa = PBXGroup;
			children = (
				6C5AA64B1AD9EAA80016E264 /* JSQMessagesCollectionViewFlowLayout.h */,
				6C5AA64C1AD9EAA80016E264 /* JSQMessagesCollectionViewFlowLayout.m */,
				6C5AA64D1AD9EAA80016E264 /* JSQMessagesCollectionViewFlowLayoutInvalidationContext.h */,
				6C5AA64E1AD9EAA80016E264 /* JSQMessagesCollectionViewFlowLayoutInvalidationContext.m */,
				6C5AA64F1AD9EAA80016E264 /* JSQMessagesCollectionViewLayoutAttributes.h */,
				6C5AA6501AD9EAA80016E264 /* JSQMessagesCollectionViewLayoutAttributes.m */,
			);
			path = Layout;
			sourceTree = "<group>";
		};
		6C5AA6511AD9EAA80016E264 /* Model */ = {
			isa = PBXGroup;
			children = (
				6C5AA6521AD9EAA80016E264 /* JSQLocationMediaItem.h */,
				6C5AA6531AD9EAA80016E264 /* JSQLocationMediaItem.m */,
				6C5AA6541AD9EAA80016E264 /* JSQMediaItem.h */,
				6C5AA6551AD9EAA80016E264 /* JSQMediaItem.m */,
				6C5AA6561AD9EAA80016E264 /* JSQMessage.h */,
				6C5AA6571AD9EAA80016E264 /* JSQMessage.m */,
				6C5AA6581AD9EAA80016E264 /* JSQMessageAvatarImageDataSource.h */,
				6C5AA6591AD9EAA80016E264 /* JSQMessageBubbleImageDataSource.h */,
				6C5AA65A1AD9EAA80016E264 /* JSQMessageData.h */,
				6C5AA65B1AD9EAA80016E264 /* JSQMessageMediaData.h */,
				6C5AA65C1AD9EAA80016E264 /* JSQMessagesAvatarImage.h */,
				6C5AA65D1AD9EAA80016E264 /* JSQMessagesAvatarImage.m */,
				6C5AA65E1AD9EAA80016E264 /* JSQMessagesBubbleImage.h */,
				6C5AA65F1AD9EAA80016E264 /* JSQMessagesBubbleImage.m */,
				6C5AA6601AD9EAA80016E264 /* JSQMessagesCollectionViewDataSource.h */,
				6C5AA6611AD9EAA80016E264 /* JSQMessagesCollectionViewDelegateFlowLayout.h */,
				6C5AA6621AD9EAA80016E264 /* JSQPhotoMediaItem.h */,
				6C5AA6631AD9EAA80016E264 /* JSQPhotoMediaItem.m */,
				6C5AA6641AD9EAA80016E264 /* JSQVideoMediaItem.h */,
				6C5AA6651AD9EAA80016E264 /* JSQVideoMediaItem.m */,
			);
			path = Model;
			sourceTree = "<group>";
		};
		6C5AA6661AD9EAA80016E264 /* Views */ = {
			isa = PBXGroup;
			children = (
				6C5AA6671AD9EAA80016E264 /* JSQMessagesCellTextView.h */,
				6C5AA6681AD9EAA80016E264 /* JSQMessagesCellTextView.m */,
				6C5AA6691AD9EAA80016E264 /* JSQMessagesCollectionView.h */,
				6C5AA66A1AD9EAA80016E264 /* JSQMessagesCollectionView.m */,
				6C5AA66B1AD9EAA80016E264 /* JSQMessagesCollectionViewCell.h */,
				6C5AA66C1AD9EAA80016E264 /* JSQMessagesCollectionViewCell.m */,
				6C5AA66D1AD9EAA80016E264 /* JSQMessagesCollectionViewCellIncoming.h */,
				6C5AA66E1AD9EAA80016E264 /* JSQMessagesCollectionViewCellIncoming.m */,
				6C5AA66F1AD9EAA80016E264 /* JSQMessagesCollectionViewCellIncoming.xib */,
				6C5AA6701AD9EAA80016E264 /* JSQMessagesCollectionViewCellOutgoing.h */,
				6C5AA6711AD9EAA80016E264 /* JSQMessagesCollectionViewCellOutgoing.m */,
				6C5AA6721AD9EAA80016E264 /* JSQMessagesCollectionViewCellOutgoing.xib */,
				6C5AA6731AD9EAA80016E264 /* JSQMessagesComposerTextView.h */,
				6C5AA6741AD9EAA80016E264 /* JSQMessagesComposerTextView.m */,
				6C5AA6751AD9EAA80016E264 /* JSQMessagesInputToolbar.h */,
				6C5AA6761AD9EAA80016E264 /* JSQMessagesInputToolbar.m */,
				6C5AA6771AD9EAA80016E264 /* JSQMessagesLabel.h */,
				6C5AA6781AD9EAA80016E264 /* JSQMessagesLabel.m */,
				6C5AA6791AD9EAA80016E264 /* JSQMessagesLoadEarlierHeaderView.h */,
				6C5AA67A1AD9EAA80016E264 /* JSQMessagesLoadEarlierHeaderView.m */,
				6C5AA67B1AD9EAA80016E264 /* JSQMessagesLoadEarlierHeaderView.xib */,
				6C5AA67C1AD9EAA80016E264 /* JSQMessagesMediaPlaceholderView.h */,
				6C5AA67D1AD9EAA80016E264 /* JSQMessagesMediaPlaceholderView.m */,
				6C5AA67E1AD9EAA80016E264 /* JSQMessagesToolbarContentView.h */,
				6C5AA67F1AD9EAA80016E264 /* JSQMessagesToolbarContentView.m */,
				6C5AA6801AD9EAA80016E264 /* JSQMessagesToolbarContentView.xib */,
				6C5AA6811AD9EAA80016E264 /* JSQMessagesTypingIndicatorFooterView.h */,
				6C5AA6821AD9EAA80016E264 /* JSQMessagesTypingIndicatorFooterView.m */,
				6C5AA6831AD9EAA80016E264 /* JSQMessagesTypingIndicatorFooterView.xib */,
			);
			path = Views;
			sourceTree = "<group>";
		};
/* End PBXGroup section */

/* Begin PBXNativeTarget section */
		6C5AA5D91AD9DB4C0016E264 /* Dollhouse */ = {
			isa = PBXNativeTarget;
			buildConfigurationList = 6C5AA5F91AD9DB4C0016E264 /* Build configuration list for PBXNativeTarget "Dollhouse" */;
			buildPhases = (
				6C5AA5D61AD9DB4C0016E264 /* Sources */,
				6C5AA5D71AD9DB4C0016E264 /* Frameworks */,
				6C5AA5D81AD9DB4C0016E264 /* Resources */,
			);
			buildRules = (
			);
			dependencies = (
			);
			name = Dollhouse;
			productName = Dollhouse;
			productReference = 6C5AA5DA1AD9DB4C0016E264 /* Dollhouse.app */;
			productType = "com.apple.product-type.application";
		};
		6C5AA5EE1AD9DB4C0016E264 /* DollhouseTests */ = {
			isa = PBXNativeTarget;
			buildConfigurationList = 6C5AA5FC1AD9DB4C0016E264 /* Build configuration list for PBXNativeTarget "DollhouseTests" */;
			buildPhases = (
				6C5AA5EB1AD9DB4C0016E264 /* Sources */,
				6C5AA5EC1AD9DB4C0016E264 /* Frameworks */,
				6C5AA5ED1AD9DB4C0016E264 /* Resources */,
			);
			buildRules = (
			);
			dependencies = (
				6C5AA5F11AD9DB4C0016E264 /* PBXTargetDependency */,
			);
			name = DollhouseTests;
			productName = DollhouseTests;
			productReference = 6C5AA5EF1AD9DB4C0016E264 /* DollhouseTests.xctest */;
			productType = "com.apple.product-type.bundle.unit-test";
		};
/* End PBXNativeTarget section */

/* Begin PBXProject section */
		6C5AA5D21AD9DB4C0016E264 /* Project object */ = {
			isa = PBXProject;
			attributes = {
				LastUpgradeCheck = 0630;
				ORGANIZATIONNAME = "Dulio Denis";
				TargetAttributes = {
					6C5AA5D91AD9DB4C0016E264 = {
						CreatedOnToolsVersion = 6.3;
					};
					6C5AA5EE1AD9DB4C0016E264 = {
						CreatedOnToolsVersion = 6.3;
						TestTargetID = 6C5AA5D91AD9DB4C0016E264;
					};
				};
			};
			buildConfigurationList = 6C5AA5D51AD9DB4C0016E264 /* Build configuration list for PBXProject "Dollhouse" */;
			compatibilityVersion = "Xcode 3.2";
			developmentRegion = English;
			hasScannedForEncodings = 0;
			knownRegions = (
				en,
				Base,
			);
			mainGroup = 6C5AA5D11AD9DB4C0016E264;
			productRefGroup = 6C5AA5DB1AD9DB4C0016E264 /* Products */;
			projectDirPath = "";
			projectRoot = "";
			targets = (
				6C5AA5D91AD9DB4C0016E264 /* Dollhouse */,
				6C5AA5EE1AD9DB4C0016E264 /* DollhouseTests */,
			);
		};
/* End PBXProject section */

/* Begin PBXResourcesBuildPhase section */
		6C5AA5D81AD9DB4C0016E264 /* Resources */ = {
			isa = PBXResourcesBuildPhase;
			buildActionMask = 2147483647;
			files = (
				6C5AA5E51AD9DB4C0016E264 /* Main.storyboard in Resources */,
				6C5AA6AE1AD9EAA80016E264 /* JSQMessagesTypingIndicatorFooterView.xib in Resources */,
				6C5AA6841AD9EAA80016E264 /* JSQMessagesAssets.bundle in Resources */,
				6C5AA5EA1AD9DB4C0016E264 /* LaunchScreen.xib in Resources */,
				6C5AA6A91AD9EAA80016E264 /* JSQMessagesLoadEarlierHeaderView.xib in Resources */,
				6C5AA6A41AD9EAA80016E264 /* JSQMessagesCollectionViewCellOutgoing.xib in Resources */,
				6C5AA5E71AD9DB4C0016E264 /* Images.xcassets in Resources */,
				6C5AA68E1AD9EAA80016E264 /* JSQMessagesViewController.xib in Resources */,
				6C5AA6A21AD9EAA80016E264 /* JSQMessagesCollectionViewCellIncoming.xib in Resources */,
				6C5AA6AC1AD9EAA80016E264 /* JSQMessagesToolbarContentView.xib in Resources */,
			);
			runOnlyForDeploymentPostprocessing = 0;
		};
		6C5AA5ED1AD9DB4C0016E264 /* Resources */ = {
			isa = PBXResourcesBuildPhase;
			buildActionMask = 2147483647;
			files = (
			);
			runOnlyForDeploymentPostprocessing = 0;
		};
/* End PBXResourcesBuildPhase section */

/* Begin PBXSourcesBuildPhase section */
		6C5AA5D61AD9DB4C0016E264 /* Sources */ = {
			isa = PBXSourcesBuildPhase;
			buildActionMask = 2147483647;
			files = (
				6C5AA6A81AD9EAA80016E264 /* JSQMessagesLoadEarlierHeaderView.m in Sources */,
				6C5AA6851AD9EAA80016E264 /* JSQSystemSoundPlayer+JSQMessages.m in Sources */,
				6C5AA6861AD9EAA80016E264 /* NSBundle+JSQMessages.m in Sources */,
				6C5AA6981AD9EAA80016E264 /* JSQMediaItem.m in Sources */,
				6C5AA69E1AD9EAA80016E264 /* JSQMessagesCellTextView.m in Sources */,
				6C5AA6941AD9EAA80016E264 /* JSQMessagesCollectionViewFlowLayout.m in Sources */,
				6C5AA6A01AD9EAA80016E264 /* JSQMessagesCollectionViewCell.m in Sources */,
				6C5AA6B31AD9F1130016E264 /* LoginSignUpViewController.swift in Sources */,
				6C5AA6AD1AD9EAA80016E264 /* JSQMessagesTypingIndicatorFooterView.m in Sources */,
				6C5AA6A51AD9EAA80016E264 /* JSQMessagesComposerTextView.m in Sources */,
				6C5AA6971AD9EAA80016E264 /* JSQLocationMediaItem.m in Sources */,
				6CF7ABDE1ADAB9E9000ED87C /* ChooseTableViewController.swift in Sources */,
				6C5AA6921AD9EAA80016E264 /* JSQMessagesTimestampFormatter.m in Sources */,
				6C5AA6A31AD9EAA80016E264 /* JSQMessagesCollectionViewCellOutgoing.m in Sources */,
				6C5AA69F1AD9EAA80016E264 /* JSQMessagesCollectionView.m in Sources */,
				6C5AA6AA1AD9EAA80016E264 /* JSQMessagesMediaPlaceholderView.m in Sources */,
				6C5AA68A1AD9EAA80016E264 /* UIImage+JSQMessages.m in Sources */,
				6C5AA6A71AD9EAA80016E264 /* JSQMessagesLabel.m in Sources */,
				6C5AA6A61AD9EAA80016E264 /* JSQMessagesInputToolbar.m in Sources */,
				6C5AA69B1AD9EAA80016E264 /* JSQMessagesBubbleImage.m in Sources */,
				6C5AA6991AD9EAA80016E264 /* JSQMessage.m in Sources */,
				6C5AA68D1AD9EAA80016E264 /* JSQMessagesViewController.m in Sources */,
				6C5AA6911AD9EAA80016E264 /* JSQMessagesMediaViewBubbleImageMasker.m in Sources */,
				6C5AA6B91AD9FF280016E264 /* OverviewTableViewController.swift in Sources */,
				6C5AA69D1AD9EAA80016E264 /* JSQVideoMediaItem.m in Sources */,
				6C5AA6871AD9EAA80016E264 /* NSString+JSQMessages.m in Sources */,
				6C5AA6A11AD9EAA80016E264 /* JSQMessagesCollectionViewCellIncoming.m in Sources */,
				6C5AA6961AD9EAA80016E264 /* JSQMessagesCollectionViewLayoutAttributes.m in Sources */,
				6C5AA6951AD9EAA80016E264 /* JSQMessagesCollectionViewFlowLayoutInvalidationContext.m in Sources */,
				6C5AA6B11AD9EB680016E264 /* JSQSystemSoundPlayer.m in Sources */,
				6C5AA69A1AD9EAA80016E264 /* JSQMessagesAvatarImage.m in Sources */,
				6C5AA68C1AD9EAA80016E264 /* JSQMessagesKeyboardController.m in Sources */,
				6C5AA6891AD9EAA80016E264 /* UIDevice+JSQMessages.m in Sources */,
				6C5AA6901AD9EAA80016E264 /* JSQMessagesBubbleImageFactory.m in Sources */,
				6C5AA6931AD9EAA80016E264 /* JSQMessagesToolbarButtonFactory.m in Sources */,
				6C5AA69C1AD9EAA80016E264 /* JSQPhotoMediaItem.m in Sources */,
				6C5AA6881AD9EAA80016E264 /* UIColor+JSQMessages.m in Sources */,
				6C5AA5E01AD9DB4C0016E264 /* AppDelegate.swift in Sources */,
				6C5AA6AB1AD9EAA80016E264 /* JSQMessagesToolbarContentView.m in Sources */,
				6C5AA68F1AD9EAA80016E264 /* JSQMessagesAvatarImageFactory.m in Sources */,
				6C5AA68B1AD9EAA80016E264 /* UIView+JSQMessages.m in Sources */,
			);
			runOnlyForDeploymentPostprocessing = 0;
		};
		6C5AA5EB1AD9DB4C0016E264 /* Sources */ = {
			isa = PBXSourcesBuildPhase;
			buildActionMask = 2147483647;
			files = (
				6C5AA5F61AD9DB4C0016E264 /* DollhouseTests.swift in Sources */,
			);
			runOnlyForDeploymentPostprocessing = 0;
		};
/* End PBXSourcesBuildPhase section */

/* Begin PBXTargetDependency section */
		6C5AA5F11AD9DB4C0016E264 /* PBXTargetDependency */ = {
			isa = PBXTargetDependency;
			target = 6C5AA5D91AD9DB4C0016E264 /* Dollhouse */;
			targetProxy = 6C5AA5F01AD9DB4C0016E264 /* PBXContainerItemProxy */;
		};
/* End PBXTargetDependency section */

/* Begin PBXVariantGroup section */
		6C5AA5E31AD9DB4C0016E264 /* Main.storyboard */ = {
			isa = PBXVariantGroup;
			children = (
				6C5AA5E41AD9DB4C0016E264 /* Base */,
			);
			name = Main.storyboard;
			sourceTree = "<group>";
		};
		6C5AA5E81AD9DB4C0016E264 /* LaunchScreen.xib */ = {
			isa = PBXVariantGroup;
			children = (
				6C5AA5E91AD9DB4C0016E264 /* Base */,
			);
			name = LaunchScreen.xib;
			sourceTree = "<group>";
		};
/* End PBXVariantGroup section */

/* Begin XCBuildConfiguration section */
		6C5AA5F71AD9DB4C0016E264 /* Debug */ = {
			isa = XCBuildConfiguration;
			buildSettings = {
				ALWAYS_SEARCH_USER_PATHS = NO;
				CLANG_CXX_LANGUAGE_STANDARD = "gnu++0x";
				CLANG_CXX_LIBRARY = "libc++";
				CLANG_ENABLE_MODULES = YES;
				CLANG_ENABLE_OBJC_ARC = YES;
				CLANG_WARN_BOOL_CONVERSION = YES;
				CLANG_WARN_CONSTANT_CONVERSION = YES;
				CLANG_WARN_DIRECT_OBJC_ISA_USAGE = YES_ERROR;
				CLANG_WARN_EMPTY_BODY = YES;
				CLANG_WARN_ENUM_CONVERSION = YES;
				CLANG_WARN_INT_CONVERSION = YES;
				CLANG_WARN_OBJC_ROOT_CLASS = YES_ERROR;
				CLANG_WARN_UNREACHABLE_CODE = YES;
				CLANG_WARN__DUPLICATE_METHOD_MATCH = YES;
				"CODE_SIGN_IDENTITY[sdk=iphoneos*]" = "iPhone Developer";
				COPY_PHASE_STRIP = NO;
				DEBUG_INFORMATION_FORMAT = "dwarf-with-dsym";
				ENABLE_STRICT_OBJC_MSGSEND = YES;
				GCC_C_LANGUAGE_STANDARD = gnu99;
				GCC_DYNAMIC_NO_PIC = NO;
				GCC_NO_COMMON_BLOCKS = YES;
				GCC_OPTIMIZATION_LEVEL = 0;
				GCC_PREPROCESSOR_DEFINITIONS = (
					"DEBUG=1",
					"$(inherited)",
				);
				GCC_SYMBOLS_PRIVATE_EXTERN = NO;
				GCC_WARN_64_TO_32_BIT_CONVERSION = YES;
				GCC_WARN_ABOUT_RETURN_TYPE = YES_ERROR;
				GCC_WARN_UNDECLARED_SELECTOR = YES;
				GCC_WARN_UNINITIALIZED_AUTOS = YES_AGGRESSIVE;
				GCC_WARN_UNUSED_FUNCTION = YES;
				GCC_WARN_UNUSED_VARIABLE = YES;
				IPHONEOS_DEPLOYMENT_TARGET = 8.3;
				MTL_ENABLE_DEBUG_INFO = YES;
				ONLY_ACTIVE_ARCH = YES;
				SDKROOT = iphoneos;
				SWIFT_OPTIMIZATION_LEVEL = "-Onone";
			};
			name = Debug;
		};
		6C5AA5F81AD9DB4C0016E264 /* Release */ = {
			isa = XCBuildConfiguration;
			buildSettings = {
				ALWAYS_SEARCH_USER_PATHS = NO;
				CLANG_CXX_LANGUAGE_STANDARD = "gnu++0x";
				CLANG_CXX_LIBRARY = "libc++";
				CLANG_ENABLE_MODULES = YES;
				CLANG_ENABLE_OBJC_ARC = YES;
				CLANG_WARN_BOOL_CONVERSION = YES;
				CLANG_WARN_CONSTANT_CONVERSION = YES;
				CLANG_WARN_DIRECT_OBJC_ISA_USAGE = YES_ERROR;
				CLANG_WARN_EMPTY_BODY = YES;
				CLANG_WARN_ENUM_CONVERSION = YES;
				CLANG_WARN_INT_CONVERSION = YES;
				CLANG_WARN_OBJC_ROOT_CLASS = YES_ERROR;
				CLANG_WARN_UNREACHABLE_CODE = YES;
				CLANG_WARN__DUPLICATE_METHOD_MATCH = YES;
				"CODE_SIGN_IDENTITY[sdk=iphoneos*]" = "iPhone Developer";
				COPY_PHASE_STRIP = NO;
				DEBUG_INFORMATION_FORMAT = "dwarf-with-dsym";
				ENABLE_NS_ASSERTIONS = NO;
				ENABLE_STRICT_OBJC_MSGSEND = YES;
				GCC_C_LANGUAGE_STANDARD = gnu99;
				GCC_NO_COMMON_BLOCKS = YES;
				GCC_WARN_64_TO_32_BIT_CONVERSION = YES;
				GCC_WARN_ABOUT_RETURN_TYPE = YES_ERROR;
				GCC_WARN_UNDECLARED_SELECTOR = YES;
				GCC_WARN_UNINITIALIZED_AUTOS = YES_AGGRESSIVE;
				GCC_WARN_UNUSED_FUNCTION = YES;
				GCC_WARN_UNUSED_VARIABLE = YES;
				IPHONEOS_DEPLOYMENT_TARGET = 8.3;
				MTL_ENABLE_DEBUG_INFO = NO;
				SDKROOT = iphoneos;
				VALIDATE_PRODUCT = YES;
			};
			name = Release;
		};
		6C5AA5FA1AD9DB4C0016E264 /* Debug */ = {
			isa = XCBuildConfiguration;
			buildSettings = {
				ASSETCATALOG_COMPILER_APPICON_NAME = AppIcon;
				CLANG_ENABLE_MODULES = YES;
				FRAMEWORK_SEARCH_PATHS = (
					"$(inherited)",
					"$(PROJECT_DIR)",
				);
				INFOPLIST_FILE = Dollhouse/Info.plist;
				LD_RUNPATH_SEARCH_PATHS = "$(inherited) @executable_path/Frameworks";
				PRODUCT_NAME = "$(TARGET_NAME)";
				SWIFT_OBJC_BRIDGING_HEADER = "Dollhouse/Dollhouse-Bridging-Header.h";
				SWIFT_OPTIMIZATION_LEVEL = "-Onone";
			};
			name = Debug;
		};
		6C5AA5FB1AD9DB4C0016E264 /* Release */ = {
			isa = XCBuildConfiguration;
			buildSettings = {
				ASSETCATALOG_COMPILER_APPICON_NAME = AppIcon;
				CLANG_ENABLE_MODULES = YES;
				FRAMEWORK_SEARCH_PATHS = (
					"$(inherited)",
					"$(PROJECT_DIR)",
				);
				INFOPLIST_FILE = Dollhouse/Info.plist;
				LD_RUNPATH_SEARCH_PATHS = "$(inherited) @executable_path/Frameworks";
				PRODUCT_NAME = "$(TARGET_NAME)";
				SWIFT_OBJC_BRIDGING_HEADER = "Dollhouse/Dollhouse-Bridging-Header.h";
			};
			name = Release;
		};
		6C5AA5FD1AD9DB4C0016E264 /* Debug */ = {
			isa = XCBuildConfiguration;
			buildSettings = {
				BUNDLE_LOADER = "$(TEST_HOST)";
				FRAMEWORK_SEARCH_PATHS = (
					"$(SDKROOT)/Developer/Library/Frameworks",
					"$(inherited)",
				);
				GCC_PREPROCESSOR_DEFINITIONS = (
					"DEBUG=1",
					"$(inherited)",
				);
				INFOPLIST_FILE = DollhouseTests/Info.plist;
				LD_RUNPATH_SEARCH_PATHS = "$(inherited) @executable_path/Frameworks @loader_path/Frameworks";
				PRODUCT_NAME = "$(TARGET_NAME)";
				TEST_HOST = "$(BUILT_PRODUCTS_DIR)/Dollhouse.app/Dollhouse";
			};
			name = Debug;
		};
		6C5AA5FE1AD9DB4C0016E264 /* Release */ = {
			isa = XCBuildConfiguration;
			buildSettings = {
				BUNDLE_LOADER = "$(TEST_HOST)";
				FRAMEWORK_SEARCH_PATHS = (
					"$(SDKROOT)/Developer/Library/Frameworks",
					"$(inherited)",
				);
				INFOPLIST_FILE = DollhouseTests/Info.plist;
				LD_RUNPATH_SEARCH_PATHS = "$(inherited) @executable_path/Frameworks @loader_path/Frameworks";
				PRODUCT_NAME = "$(TARGET_NAME)";
				TEST_HOST = "$(BUILT_PRODUCTS_DIR)/Dollhouse.app/Dollhouse";
			};
			name = Release;
		};
/* End XCBuildConfiguration section */

/* Begin XCConfigurationList section */
		6C5AA5D51AD9DB4C0016E264 /* Build configuration list for PBXProject "Dollhouse" */ = {
			isa = XCConfigurationList;
			buildConfigurations = (
				6C5AA5F71AD9DB4C0016E264 /* Debug */,
				6C5AA5F81AD9DB4C0016E264 /* Release */,
			);
			defaultConfigurationIsVisible = 0;
			defaultConfigurationName = Release;
		};
		6C5AA5F91AD9DB4C0016E264 /* Build configuration list for PBXNativeTarget "Dollhouse" */ = {
			isa = XCConfigurationList;
			buildConfigurations = (
				6C5AA5FA1AD9DB4C0016E264 /* Debug */,
				6C5AA5FB1AD9DB4C0016E264 /* Release */,
			);
			defaultConfigurationIsVisible = 0;
			defaultConfigurationName = Release;
		};
		6C5AA5FC1AD9DB4C0016E264 /* Build configuration list for PBXNativeTarget "DollhouseTests" */ = {
			isa = XCConfigurationList;
			buildConfigurations = (
				6C5AA5FD1AD9DB4C0016E264 /* Debug */,
				6C5AA5FE1AD9DB4C0016E264 /* Release */,
			);
			defaultConfigurationIsVisible = 0;
			defaultConfigurationName = Release;
		};
/* End XCConfigurationList section */
	};
	rootObject = 6C5AA5D21AD9DB4C0016E264 /* Project object */;
}
